// !$*UTF8*$!
{
	archiveVersion = 1;
	classes = {
	};
	objectVersion = 46;
	objects = {

/* Begin PBXBuildFile section */
		C62EB7B91A12B81F00752283 /* pgm.c in Sources */ = {isa = PBXBuildFile; fileRef = C62EB7B71A12B81F00752283 /* pgm.c */; };
		C661358C1A1CD3C3004F0A76 /* main.c in Sources */ = {isa = PBXBuildFile; fileRef = C66135891A1CD3C3004F0A76 /* main.c */; };
		C661358D1A1CD3C3004F0A76 /* pre_traitements.c in Sources */ = {isa = PBXBuildFile; fileRef = C661358A1A1CD3C3004F0A76 /* pre_traitements.c */; };
/* End PBXBuildFile section */

/* Begin PBXCopyFilesBuildPhase section */
		C62EB7AB1A12B7C400752283 /* CopyFiles */ = {
			isa = PBXCopyFilesBuildPhase;
			buildActionMask = 2147483647;
			dstPath = /usr/share/man/man1/;
			dstSubfolderSpec = 0;
			files = (
			);
			runOnlyForDeploymentPostprocessing = 1;
		};
/* End PBXCopyFilesBuildPhase section */

/* Begin PBXFileReference section */
		C62EB7AD1A12B7C400752283 /* HPC_Hough */ = {isa = PBXFileReference; explicitFileType = "compiled.mach-o.executable"; includeInIndex = 0; path = HPC_Hough; sourceTree = BUILT_PRODUCTS_DIR; };
		C62EB7B71A12B81F00752283 /* pgm.c */ = {isa = PBXFileReference; fileEncoding = 4; lastKnownFileType = sourcecode.c.c; path = pgm.c; sourceTree = "<group>"; };
		C62EB7B81A12B81F00752283 /* pgm.h */ = {isa = PBXFileReference; fileEncoding = 4; lastKnownFileType = sourcecode.c.h; path = pgm.h; sourceTree = "<group>"; };
		C66135891A1CD3C3004F0A76 /* main.c */ = {isa = PBXFileReference; fileEncoding = 4; lastKnownFileType = sourcecode.c.c; path = main.c; sourceTree = "<group>"; };
		C661358A1A1CD3C3004F0A76 /* pre_traitements.c */ = {isa = PBXFileReference; fileEncoding = 4; lastKnownFileType = sourcecode.c.c; path = pre_traitements.c; sourceTree = "<group>"; };
		C661358B1A1CD3C3004F0A76 /* pre_traitements.h */ = {isa = PBXFileReference; fileEncoding = 4; lastKnownFileType = sourcecode.c.h; path = pre_traitements.h; sourceTree = "<group>"; };
/* End PBXFileReference section */

/* Begin PBXFrameworksBuildPhase section */
		C62EB7AA1A12B7C400752283 /* Frameworks */ = {
			isa = PBXFrameworksBuildPhase;
			buildActionMask = 2147483647;
			files = (
			);
			runOnlyForDeploymentPostprocessing = 0;
		};
/* End PBXFrameworksBuildPhase section */

/* Begin PBXGroup section */
		C62EB7A41A12B7C400752283 = {
			isa = PBXGroup;
			children = (
				C62EB7AF1A12B7C400752283 /* HPC_Hough */,
				C62EB7AE1A12B7C400752283 /* Products */,
			);
			sourceTree = "<group>";
		};
		C62EB7AE1A12B7C400752283 /* Products */ = {
			isa = PBXGroup;
			children = (
				C62EB7AD1A12B7C400752283 /* HPC_Hough */,
			);
			name = Products;
			sourceTree = "<group>";
		};
		C62EB7AF1A12B7C400752283 /* HPC_Hough */ = {
			isa = PBXGroup;
			children = (
				C66135891A1CD3C3004F0A76 /* main.c */,
				C661358A1A1CD3C3004F0A76 /* pre_traitements.c */,
				C661358B1A1CD3C3004F0A76 /* pre_traitements.h */,
				C62EB7B71A12B81F00752283 /* pgm.c */,
				C62EB7B81A12B81F00752283 /* pgm.h */,
			);
			path = HPC_Hough;
			sourceTree = "<group>";
		};
/* End PBXGroup section */

/* Begin PBXNativeTarget section */
		C62EB7AC1A12B7C400752283 /* HPC_Hough */ = {
			isa = PBXNativeTarget;
			buildConfigurationList = C62EB7B41A12B7C400752283 /* Build configuration list for PBXNativeTarget "HPC_Hough" */;
			buildPhases = (
				C62EB7A91A12B7C400752283 /* Sources */,
				C62EB7AA1A12B7C400752283 /* Frameworks */,
				C62EB7AB1A12B7C400752283 /* CopyFiles */,
			);
			buildRules = (
			);
			dependencies = (
			);
			name = HPC_Hough;
			productName = HPC_Hough;
			productReference = C62EB7AD1A12B7C400752283 /* HPC_Hough */;
			productType = "com.apple.product-type.tool";
		};
/* End PBXNativeTarget section */

/* Begin PBXProject section */
		C62EB7A51A12B7C400752283 /* Project object */ = {
			isa = PBXProject;
			attributes = {
				LastUpgradeCheck = 0610;
				ORGANIZATIONNAME = "ZHANG Nan";
				TargetAttributes = {
					C62EB7AC1A12B7C400752283 = {
						CreatedOnToolsVersion = 6.1;
					};
				};
			};
			buildConfigurationList = C62EB7A81A12B7C400752283 /* Build configuration list for PBXProject "HPC_Hough" */;
			compatibilityVersion = "Xcode 3.2";
			developmentRegion = English;
			hasScannedForEncodings = 0;
			knownRegions = (
				en,
			);
			mainGroup = C62EB7A41A12B7C400752283;
			productRefGroup = C62EB7AE1A12B7C400752283 /* Products */;
			projectDirPath = "";
			projectRoot = "";
			targets = (
				C62EB7AC1A12B7C400752283 /* HPC_Hough */,
			);
		};
/* End PBXProject section */

/* Begin PBXSourcesBuildPhase section */
		C62EB7A91A12B7C400752283 /* Sources */ = {
			isa = PBXSourcesBuildPhase;
			buildActionMask = 2147483647;
			files = (
				C661358C1A1CD3C3004F0A76 /* main.c in Sources */,
				C661358D1A1CD3C3004F0A76 /* pre_traitements.c in Sources */,
				C62EB7B91A12B81F00752283 /* pgm.c in Sources */,
			);
			runOnlyForDeploymentPostprocessing = 0;
		};
/* End PBXSourcesBuildPhase section */

/* Begin XCBuildConfiguration section */
		C62EB7B21A12B7C400752283 /* Debug */ = {
			isa = XCBuildConfiguration;
			buildSettings = {
				ALWAYS_SEARCH_USER_PATHS = NO;
				CLANG_CXX_LANGUAGE_STANDARD = "gnu++0x";
				CLANG_CXX_LIBRARY = "libc++";
				CLANG_ENABLE_MODULES = YES;
				CLANG_ENABLE_OBJC_ARC = YES;
				CLANG_WARN_BOOL_CONVERSION = YES;
				CLANG_WARN_CONSTANT_CONVERSION = YES;
				CLANG_WARN_DIRECT_OBJC_ISA_USAGE = YES_ERROR;
				CLANG_WARN_EMPTY_BODY = YES;
				CLANG_WARN_ENUM_CONVERSION = YES;
				CLANG_WARN_INT_CONVERSION = YES;
				CLANG_WARN_OBJC_ROOT_CLASS = YES_ERROR;
				CLANG_WARN_UNREACHABLE_CODE = YES;
				CLANG_WARN__DUPLICATE_METHOD_MATCH = YES;
				COPY_PHASE_STRIP = NO;
				ENABLE_STRICT_OBJC_MSGSEND = YES;
				GCC_C_LANGUAGE_STANDARD = gnu99;
				GCC_DYNAMIC_NO_PIC = NO;
				GCC_OPTIMIZATION_LEVEL = 0;
				GCC_PREPROCESSOR_DEFINITIONS = (
					"DEBUG=1",
					"$(inherited)",
				);
				GCC_SYMBOLS_PRIVATE_EXTERN = NO;
				GCC_VERSION = "";
				GCC_WARN_64_TO_32_BIT_CONVERSION = YES;
				GCC_WARN_ABOUT_RETURN_TYPE = YES_ERROR;
				GCC_WARN_UNDECLARED_SELECTOR = YES;
				GCC_WARN_UNINITIALIZED_AUTOS = YES_AGGRESSIVE;
				GCC_WARN_UNUSED_FUNCTION = YES;
				GCC_WARN_UNUSED_VARIABLE = YES;
				MACOSX_DEPLOYMENT_TARGET = 10.10;
				MTL_ENABLE_DEBUG_INFO = YES;
				ONLY_ACTIVE_ARCH = YES;
				SDKROOT = macosx;
			};
			name = Debug;
		};
		C62EB7B31A12B7C400752283 /* Release */ = {
			isa = XCBuildConfiguration;
			buildSettings = {
				ALWAYS_SEARCH_USER_PATHS = NO;
				CLANG_CXX_LANGUAGE_STANDARD = "gnu++0x";
				CLANG_CXX_LIBRARY = "libc++";
				CLANG_ENABLE_MODULES = YES;
				CLANG_ENABLE_OBJC_ARC = YES;
				CLANG_WARN_BOOL_CONVERSION = YES;
				CLANG_WARN_CONSTANT_CONVERSION = YES;
				CLANG_WARN_DIRECT_OBJC_ISA_USAGE = YES_ERROR;
				CLANG_WARN_EMPTY_BODY = YES;
				CLANG_WARN_ENUM_CONVERSION = YES;
				CLANG_WARN_INT_CONVERSION = YES;
				CLANG_WARN_OBJC_ROOT_CLASS = YES_ERROR;
				CLANG_WARN_UNREACHABLE_CODE = YES;
				CLANG_WARN__DUPLICATE_METHOD_MATCH = YES;
				COPY_PHASE_STRIP = YES;
				DEBUG_INFORMATION_FORMAT = "dwarf-with-dsym";
				ENABLE_NS_ASSERTIONS = NO;
				ENABLE_STRICT_OBJC_MSGSEND = YES;
				GCC_C_LANGUAGE_STANDARD = gnu99;
				GCC_VERSION = "";
				GCC_WARN_64_TO_32_BIT_CONVERSION = YES;
				GCC_WARN_ABOUT_RETURN_TYPE = YES_ERROR;
				GCC_WARN_UNDECLARED_SELECTOR = YES;
				GCC_WARN_UNINITIALIZED_AUTOS = YES_AGGRESSIVE;
				GCC_WARN_UNUSED_FUNCTION = YES;
				GCC_WARN_UNUSED_VARIABLE = YES;
				MACOSX_DEPLOYMENT_TARGET = 10.10;
				MTL_ENABLE_DEBUG_INFO = NO;
				SDKROOT = macosx;
			};
			name = Release;
		};
		C62EB7B51A12B7C400752283 /* Debug */ = {
			isa = XCBuildConfiguration;
			buildSettings = {
				PRODUCT_NAME = "$(TARGET_NAME)";
			};
			name = Debug;
		};
		C62EB7B61A12B7C400752283 /* Release */ = {
			isa = XCBuildConfiguration;
			buildSettings = {
				PRODUCT_NAME = "$(TARGET_NAME)";
			};
			name = Release;
		};
/* End XCBuildConfiguration section */

/* Begin XCConfigurationList section */
		C62EB7A81A12B7C400752283 /* Build configuration list for PBXProject "HPC_Hough" */ = {
			isa = XCConfigurationList;
			buildConfigurations = (
				C62EB7B21A12B7C400752283 /* Debug */,
				C62EB7B31A12B7C400752283 /* Release */,
			);
			defaultConfigurationIsVisible = 0;
			defaultConfigurationName = Release;
		};
		C62EB7B41A12B7C400752283 /* Build configuration list for PBXNativeTarget "HPC_Hough" */ = {
			isa = XCConfigurationList;
			buildConfigurations = (
				C62EB7B51A12B7C400752283 /* Debug */,
				C62EB7B61A12B7C400752283 /* Release */,
			);
			defaultConfigurationIsVisible = 0;
			defaultConfigurationName = Release;
		};
/* End XCConfigurationList section */
	};
	rootObject = C62EB7A51A12B7C400752283 /* Project object */;
}
